// !$*UTF8*$!
{
	archiveVersion = 1;
	classes = {
	};
	objectVersion = 56;
	objects = {

/* Begin PBXBuildFile section */
		CE654A732A2B097100D73B22 /* ShortcutterProApp.swift in Sources */ = {isa = PBXBuildFile; fileRef = CE654A722A2B097100D73B22 /* ShortcutterProApp.swift */; };
		CE654A752A2B097100D73B22 /* StartScreen.swift in Sources */ = {isa = PBXBuildFile; fileRef = CE654A742A2B097100D73B22 /* StartScreen.swift */; };
		CE654A772A2B097200D73B22 /* Assets.xcassets in Resources */ = {isa = PBXBuildFile; fileRef = CE654A762A2B097200D73B22 /* Assets.xcassets */; };
		CE654A7A2A2B097200D73B22 /* Preview Assets.xcassets in Resources */ = {isa = PBXBuildFile; fileRef = CE654A792A2B097200D73B22 /* Preview Assets.xcassets */; };
		CE654A852A2B097200D73B22 /* ShortcutterProTests.swift in Sources */ = {isa = PBXBuildFile; fileRef = CE654A842A2B097200D73B22 /* ShortcutterProTests.swift */; };
		CE654A8F2A2B097200D73B22 /* ShortcutterProUITests.swift in Sources */ = {isa = PBXBuildFile; fileRef = CE654A8E2A2B097200D73B22 /* ShortcutterProUITests.swift */; };
		CE654A912A2B097200D73B22 /* ShortcutterProUITestsLaunchTests.swift in Sources */ = {isa = PBXBuildFile; fileRef = CE654A902A2B097200D73B22 /* ShortcutterProUITestsLaunchTests.swift */; };
		CE654A9E2A2C4C5200D73B22 /* Colors.xcassets in Resources */ = {isa = PBXBuildFile; fileRef = CE654A9D2A2C4C5200D73B22 /* Colors.xcassets */; };
		CE654AA12A2C516500D73B22 /* Color.swift in Sources */ = {isa = PBXBuildFile; fileRef = CE654AA02A2C516500D73B22 /* Color.swift */; };
		CE654AA42A2C58A700D73B22 /* Images.xcassets in Resources */ = {isa = PBXBuildFile; fileRef = CE654AA32A2C58A700D73B22 /* Images.xcassets */; };
/* End PBXBuildFile section */

/* Begin PBXContainerItemProxy section */
		CE654A812A2B097200D73B22 /* PBXContainerItemProxy */ = {
			isa = PBXContainerItemProxy;
			containerPortal = CE654A672A2B097100D73B22 /* Project object */;
			proxyType = 1;
			remoteGlobalIDString = CE654A6E2A2B097100D73B22;
			remoteInfo = ShortcutterPro;
		};
		CE654A8B2A2B097200D73B22 /* PBXContainerItemProxy */ = {
			isa = PBXContainerItemProxy;
			containerPortal = CE654A672A2B097100D73B22 /* Project object */;
			proxyType = 1;
			remoteGlobalIDString = CE654A6E2A2B097100D73B22;
			remoteInfo = ShortcutterPro;
		};
/* End PBXContainerItemProxy section */

/* Begin PBXFileReference section */
		CE654A6F2A2B097100D73B22 /* ShortcutterPro.app */ = {isa = PBXFileReference; explicitFileType = wrapper.application; includeInIndex = 0; path = ShortcutterPro.app; sourceTree = BUILT_PRODUCTS_DIR; };
		CE654A722A2B097100D73B22 /* ShortcutterProApp.swift */ = {isa = PBXFileReference; lastKnownFileType = sourcecode.swift; path = ShortcutterProApp.swift; sourceTree = "<group>"; };
		CE654A742A2B097100D73B22 /* StartScreen.swift */ = {isa = PBXFileReference; lastKnownFileType = sourcecode.swift; path = StartScreen.swift; sourceTree = "<group>"; tabWidth = 4; };
		CE654A762A2B097200D73B22 /* Assets.xcassets */ = {isa = PBXFileReference; lastKnownFileType = folder.assetcatalog; path = Assets.xcassets; sourceTree = "<group>"; };
		CE654A792A2B097200D73B22 /* Preview Assets.xcassets */ = {isa = PBXFileReference; lastKnownFileType = folder.assetcatalog; path = "Preview Assets.xcassets"; sourceTree = "<group>"; };
		CE654A7B2A2B097200D73B22 /* ShortcutterPro.entitlements */ = {isa = PBXFileReference; lastKnownFileType = text.plist.entitlements; path = ShortcutterPro.entitlements; sourceTree = "<group>"; };
		CE654A802A2B097200D73B22 /* ShortcutterProTests.xctest */ = {isa = PBXFileReference; explicitFileType = wrapper.cfbundle; includeInIndex = 0; path = ShortcutterProTests.xctest; sourceTree = BUILT_PRODUCTS_DIR; };
		CE654A842A2B097200D73B22 /* ShortcutterProTests.swift */ = {isa = PBXFileReference; lastKnownFileType = sourcecode.swift; path = ShortcutterProTests.swift; sourceTree = "<group>"; };
		CE654A8A2A2B097200D73B22 /* ShortcutterProUITests.xctest */ = {isa = PBXFileReference; explicitFileType = wrapper.cfbundle; includeInIndex = 0; path = ShortcutterProUITests.xctest; sourceTree = BUILT_PRODUCTS_DIR; };
		CE654A8E2A2B097200D73B22 /* ShortcutterProUITests.swift */ = {isa = PBXFileReference; lastKnownFileType = sourcecode.swift; path = ShortcutterProUITests.swift; sourceTree = "<group>"; };
		CE654A902A2B097200D73B22 /* ShortcutterProUITestsLaunchTests.swift */ = {isa = PBXFileReference; lastKnownFileType = sourcecode.swift; path = ShortcutterProUITestsLaunchTests.swift; sourceTree = "<group>"; };
		CE654A9D2A2C4C5200D73B22 /* Colors.xcassets */ = {isa = PBXFileReference; lastKnownFileType = folder.assetcatalog; path = Colors.xcassets; sourceTree = "<group>"; };
		CE654AA02A2C516500D73B22 /* Color.swift */ = {isa = PBXFileReference; lastKnownFileType = sourcecode.swift; path = Color.swift; sourceTree = "<group>"; };
		CE654AA32A2C58A700D73B22 /* Images.xcassets */ = {isa = PBXFileReference; lastKnownFileType = folder.assetcatalog; path = Images.xcassets; sourceTree = "<group>"; };
/* End PBXFileReference section */

/* Begin PBXFrameworksBuildPhase section */
		CE654A6C2A2B097100D73B22 /* Frameworks */ = {
			isa = PBXFrameworksBuildPhase;
			buildActionMask = 2147483647;
			files = (
			);
			runOnlyForDeploymentPostprocessing = 0;
		};
		CE654A7D2A2B097200D73B22 /* Frameworks */ = {
			isa = PBXFrameworksBuildPhase;
			buildActionMask = 2147483647;
			files = (
			);
			runOnlyForDeploymentPostprocessing = 0;
		};
		CE654A872A2B097200D73B22 /* Frameworks */ = {
			isa = PBXFrameworksBuildPhase;
			buildActionMask = 2147483647;
			files = (
			);
			runOnlyForDeploymentPostprocessing = 0;
		};
/* End PBXFrameworksBuildPhase section */

/* Begin PBXGroup section */
		CE654A662A2B097100D73B22 = {
			isa = PBXGroup;
			children = (
				CE654A712A2B097100D73B22 /* ShortcutterPro */,
				CE654A832A2B097200D73B22 /* ShortcutterProTests */,
				CE654A8D2A2B097200D73B22 /* ShortcutterProUITests */,
				CE654A702A2B097100D73B22 /* Products */,
			);
			sourceTree = "<group>";
		};
		CE654A702A2B097100D73B22 /* Products */ = {
			isa = PBXGroup;
			children = (
				CE654A6F2A2B097100D73B22 /* ShortcutterPro.app */,
				CE654A802A2B097200D73B22 /* ShortcutterProTests.xctest */,
				CE654A8A2A2B097200D73B22 /* ShortcutterProUITests.xctest */,
			);
			name = Products;
			sourceTree = "<group>";
		};
		CE654A712A2B097100D73B22 /* ShortcutterPro */ = {
			isa = PBXGroup;
			children = (
				CE654A722A2B097100D73B22 /* ShortcutterProApp.swift */,
				CE654A9F2A2C512500D73B22 /* Resources */,
				CE654A742A2B097100D73B22 /* StartScreen.swift */,
				CE654A762A2B097200D73B22 /* Assets.xcassets */,
				CE654A7B2A2B097200D73B22 /* ShortcutterPro.entitlements */,
				CE654A782A2B097200D73B22 /* Preview Content */,
			);
			path = ShortcutterPro;
			sourceTree = "<group>";
		};
		CE654A782A2B097200D73B22 /* Preview Content */ = {
			isa = PBXGroup;
			children = (
				CE654A792A2B097200D73B22 /* Preview Assets.xcassets */,
			);
			path = "Preview Content";
			sourceTree = "<group>";
		};
		CE654A832A2B097200D73B22 /* ShortcutterProTests */ = {
			isa = PBXGroup;
			children = (
				CE654A842A2B097200D73B22 /* ShortcutterProTests.swift */,
			);
			path = ShortcutterProTests;
			sourceTree = "<group>";
		};
		CE654A8D2A2B097200D73B22 /* ShortcutterProUITests */ = {
			isa = PBXGroup;
			children = (
				CE654A8E2A2B097200D73B22 /* ShortcutterProUITests.swift */,
				CE654A902A2B097200D73B22 /* ShortcutterProUITestsLaunchTests.swift */,
			);
			path = ShortcutterProUITests;
			sourceTree = "<group>";
		};
		CE654A9F2A2C512500D73B22 /* Resources */ = {
			isa = PBXGroup;
			children = (
				CE654AA32A2C58A700D73B22 /* Images.xcassets */,
				CE654A9D2A2C4C5200D73B22 /* Colors.xcassets */,
				CE654AA02A2C516500D73B22 /* Color.swift */,
			);
			path = Resources;
			sourceTree = "<group>";
		};
/* End PBXGroup section */

/* Begin PBXNativeTarget section */
		CE654A6E2A2B097100D73B22 /* ShortcutterPro */ = {
			isa = PBXNativeTarget;
			buildConfigurationList = CE654A942A2B097200D73B22 /* Build configuration list for PBXNativeTarget "ShortcutterPro" */;
			buildPhases = (
				CE654A6B2A2B097100D73B22 /* Sources */,
				CE654A6C2A2B097100D73B22 /* Frameworks */,
				CE654A6D2A2B097100D73B22 /* Resources */,
			);
			buildRules = (
			);
			dependencies = (
			);
			name = ShortcutterPro;
			packageProductDependencies = (
			);
			productName = ShortcutterPro;
			productReference = CE654A6F2A2B097100D73B22 /* ShortcutterPro.app */;
			productType = "com.apple.product-type.application";
		};
		CE654A7F2A2B097200D73B22 /* ShortcutterProTests */ = {
			isa = PBXNativeTarget;
			buildConfigurationList = CE654A972A2B097200D73B22 /* Build configuration list for PBXNativeTarget "ShortcutterProTests" */;
			buildPhases = (
				CE654A7C2A2B097200D73B22 /* Sources */,
				CE654A7D2A2B097200D73B22 /* Frameworks */,
				CE654A7E2A2B097200D73B22 /* Resources */,
			);
			buildRules = (
			);
			dependencies = (
				CE654A822A2B097200D73B22 /* PBXTargetDependency */,
			);
			name = ShortcutterProTests;
			productName = ShortcutterProTests;
			productReference = CE654A802A2B097200D73B22 /* ShortcutterProTests.xctest */;
			productType = "com.apple.product-type.bundle.unit-test";
		};
		CE654A892A2B097200D73B22 /* ShortcutterProUITests */ = {
			isa = PBXNativeTarget;
			buildConfigurationList = CE654A9A2A2B097200D73B22 /* Build configuration list for PBXNativeTarget "ShortcutterProUITests" */;
			buildPhases = (
				CE654A862A2B097200D73B22 /* Sources */,
				CE654A872A2B097200D73B22 /* Frameworks */,
				CE654A882A2B097200D73B22 /* Resources */,
			);
			buildRules = (
			);
			dependencies = (
				CE654A8C2A2B097200D73B22 /* PBXTargetDependency */,
			);
			name = ShortcutterProUITests;
			productName = ShortcutterProUITests;
			productReference = CE654A8A2A2B097200D73B22 /* ShortcutterProUITests.xctest */;
			productType = "com.apple.product-type.bundle.ui-testing";
		};
/* End PBXNativeTarget section */

/* Begin PBXProject section */
		CE654A672A2B097100D73B22 /* Project object */ = {
			isa = PBXProject;
			attributes = {
				BuildIndependentTargetsInParallel = 1;
				LastSwiftUpdateCheck = 1420;
				LastUpgradeCheck = 1420;
				TargetAttributes = {
					CE654A6E2A2B097100D73B22 = {
						CreatedOnToolsVersion = 14.2;
					};
					CE654A7F2A2B097200D73B22 = {
						CreatedOnToolsVersion = 14.2;
						TestTargetID = CE654A6E2A2B097100D73B22;
					};
					CE654A892A2B097200D73B22 = {
						CreatedOnToolsVersion = 14.2;
						TestTargetID = CE654A6E2A2B097100D73B22;
					};
				};
			};
			buildConfigurationList = CE654A6A2A2B097100D73B22 /* Build configuration list for PBXProject "ShortcutterPro" */;
			compatibilityVersion = "Xcode 14.0";
			developmentRegion = en;
			hasScannedForEncodings = 0;
			knownRegions = (
				en,
				Base,
			);
			mainGroup = CE654A662A2B097100D73B22;
			packageReferences = (
				CE9A50632A2C686F00DB3B71 /* XCRemoteSwiftPackageReference "Macaw" */,
			);
			productRefGroup = CE654A702A2B097100D73B22 /* Products */;
			projectDirPath = "";
			projectRoot = "";
			targets = (
				CE654A6E2A2B097100D73B22 /* ShortcutterPro */,
				CE654A7F2A2B097200D73B22 /* ShortcutterProTests */,
				CE654A892A2B097200D73B22 /* ShortcutterProUITests */,
			);
		};
/* End PBXProject section */

/* Begin PBXResourcesBuildPhase section */
		CE654A6D2A2B097100D73B22 /* Resources */ = {
			isa = PBXResourcesBuildPhase;
			buildActionMask = 2147483647;
			files = (
				CE654A9E2A2C4C5200D73B22 /* Colors.xcassets in Resources */,
				CE654AA42A2C58A700D73B22 /* Images.xcassets in Resources */,
				CE654A7A2A2B097200D73B22 /* Preview Assets.xcassets in Resources */,
				CE654A772A2B097200D73B22 /* Assets.xcassets in Resources */,
			);
			runOnlyForDeploymentPostprocessing = 0;
		};
		CE654A7E2A2B097200D73B22 /* Resources */ = {
			isa = PBXResourcesBuildPhase;
			buildActionMask = 2147483647;
			files = (
			);
			runOnlyForDeploymentPostprocessing = 0;
		};
		CE654A882A2B097200D73B22 /* Resources */ = {
			isa = PBXResourcesBuildPhase;
			buildActionMask = 2147483647;
			files = (
			);
			runOnlyForDeploymentPostprocessing = 0;
		};
/* End PBXResourcesBuildPhase section */

/* Begin PBXSourcesBuildPhase section */
		CE654A6B2A2B097100D73B22 /* Sources */ = {
			isa = PBXSourcesBuildPhase;
			buildActionMask = 2147483647;
			files = (
				CE654A752A2B097100D73B22 /* StartScreen.swift in Sources */,
				CE654A732A2B097100D73B22 /* ShortcutterProApp.swift in Sources */,
				CE654AA12A2C516500D73B22 /* Color.swift in Sources */,
			);
			runOnlyForDeploymentPostprocessing = 0;
		};
		CE654A7C2A2B097200D73B22 /* Sources */ = {
			isa = PBXSourcesBuildPhase;
			buildActionMask = 2147483647;
			files = (
				CE654A852A2B097200D73B22 /* ShortcutterProTests.swift in Sources */,
			);
			runOnlyForDeploymentPostprocessing = 0;
		};
		CE654A862A2B097200D73B22 /* Sources */ = {
			isa = PBXSourcesBuildPhase;
			buildActionMask = 2147483647;
			files = (
				CE654A912A2B097200D73B22 /* ShortcutterProUITestsLaunchTests.swift in Sources */,
				CE654A8F2A2B097200D73B22 /* ShortcutterProUITests.swift in Sources */,
			);
			runOnlyForDeploymentPostprocessing = 0;
		};
/* End PBXSourcesBuildPhase section */

/* Begin PBXTargetDependency section */
		CE654A822A2B097200D73B22 /* PBXTargetDependency */ = {
			isa = PBXTargetDependency;
			target = CE654A6E2A2B097100D73B22 /* ShortcutterPro */;
			targetProxy = CE654A812A2B097200D73B22 /* PBXContainerItemProxy */;
		};
		CE654A8C2A2B097200D73B22 /* PBXTargetDependency */ = {
			isa = PBXTargetDependency;
			target = CE654A6E2A2B097100D73B22 /* ShortcutterPro */;
			targetProxy = CE654A8B2A2B097200D73B22 /* PBXContainerItemProxy */;
		};
/* End PBXTargetDependency section */

/* Begin XCBuildConfiguration section */
		CE654A922A2B097200D73B22 /* Debug */ = {
			isa = XCBuildConfiguration;
			buildSettings = {
				ALWAYS_SEARCH_USER_PATHS = NO;
				CLANG_ANALYZER_NONNULL = YES;
				CLANG_ANALYZER_NUMBER_OBJECT_CONVERSION = YES_AGGRESSIVE;
				CLANG_CXX_LANGUAGE_STANDARD = "gnu++20";
				CLANG_ENABLE_MODULES = YES;
				CLANG_ENABLE_OBJC_ARC = YES;
				CLANG_ENABLE_OBJC_WEAK = YES;
				CLANG_WARN_BLOCK_CAPTURE_AUTORELEASING = YES;
				CLANG_WARN_BOOL_CONVERSION = YES;
				CLANG_WARN_COMMA = YES;
				CLANG_WARN_CONSTANT_CONVERSION = YES;
				CLANG_WARN_DEPRECATED_OBJC_IMPLEMENTATIONS = YES;
				CLANG_WARN_DIRECT_OBJC_ISA_USAGE = YES_ERROR;
				CLANG_WARN_DOCUMENTATION_COMMENTS = YES;
				CLANG_WARN_EMPTY_BODY = YES;
				CLANG_WARN_ENUM_CONVERSION = YES;
				CLANG_WARN_INFINITE_RECURSION = YES;
				CLANG_WARN_INT_CONVERSION = YES;
				CLANG_WARN_NON_LITERAL_NULL_CONVERSION = YES;
				CLANG_WARN_OBJC_IMPLICIT_RETAIN_SELF = YES;
				CLANG_WARN_OBJC_LITERAL_CONVERSION = YES;
				CLANG_WARN_OBJC_ROOT_CLASS = YES_ERROR;
				CLANG_WARN_QUOTED_INCLUDE_IN_FRAMEWORK_HEADER = YES;
				CLANG_WARN_RANGE_LOOP_ANALYSIS = YES;
				CLANG_WARN_STRICT_PROTOTYPES = YES;
				CLANG_WARN_SUSPICIOUS_MOVE = YES;
				CLANG_WARN_UNGUARDED_AVAILABILITY = YES_AGGRESSIVE;
				CLANG_WARN_UNREACHABLE_CODE = YES;
				CLANG_WARN__DUPLICATE_METHOD_MATCH = YES;
				COPY_PHASE_STRIP = NO;
				DEBUG_INFORMATION_FORMAT = dwarf;
				ENABLE_STRICT_OBJC_MSGSEND = YES;
				ENABLE_TESTABILITY = YES;
				GCC_C_LANGUAGE_STANDARD = gnu11;
				GCC_DYNAMIC_NO_PIC = NO;
				GCC_NO_COMMON_BLOCKS = YES;
				GCC_OPTIMIZATION_LEVEL = 0;
				GCC_PREPROCESSOR_DEFINITIONS = (
					"DEBUG=1",
					"$(inherited)",
				);
				GCC_WARN_64_TO_32_BIT_CONVERSION = YES;
				GCC_WARN_ABOUT_RETURN_TYPE = YES_ERROR;
				GCC_WARN_UNDECLARED_SELECTOR = YES;
				GCC_WARN_UNINITIALIZED_AUTOS = YES_AGGRESSIVE;
				GCC_WARN_UNUSED_FUNCTION = YES;
				GCC_WARN_UNUSED_VARIABLE = YES;
				MACOSX_DEPLOYMENT_TARGET = 13.1;
				MTL_ENABLE_DEBUG_INFO = INCLUDE_SOURCE;
				MTL_FAST_MATH = YES;
				ONLY_ACTIVE_ARCH = YES;
				SDKROOT = macosx;
				SWIFT_ACTIVE_COMPILATION_CONDITIONS = DEBUG;
				SWIFT_OPTIMIZATION_LEVEL = "-Onone";
			};
			name = Debug;
		};
		CE654A932A2B097200D73B22 /* Release */ = {
			isa = XCBuildConfiguration;
			buildSettings = {
				ALWAYS_SEARCH_USER_PATHS = NO;
				CLANG_ANALYZER_NONNULL = YES;
				CLANG_ANALYZER_NUMBER_OBJECT_CONVERSION = YES_AGGRESSIVE;
				CLANG_CXX_LANGUAGE_STANDARD = "gnu++20";
				CLANG_ENABLE_MODULES = YES;
				CLANG_ENABLE_OBJC_ARC = YES;
				CLANG_ENABLE_OBJC_WEAK = YES;
				CLANG_WARN_BLOCK_CAPTURE_AUTORELEASING = YES;
				CLANG_WARN_BOOL_CONVERSION = YES;
				CLANG_WARN_COMMA = YES;
				CLANG_WARN_CONSTANT_CONVERSION = YES;
				CLANG_WARN_DEPRECATED_OBJC_IMPLEMENTATIONS = YES;
				CLANG_WARN_DIRECT_OBJC_ISA_USAGE = YES_ERROR;
				CLANG_WARN_DOCUMENTATION_COMMENTS = YES;
				CLANG_WARN_EMPTY_BODY = YES;
				CLANG_WARN_ENUM_CONVERSION = YES;
				CLANG_WARN_INFINITE_RECURSION = YES;
				CLANG_WARN_INT_CONVERSION = YES;
				CLANG_WARN_NON_LITERAL_NULL_CONVERSION = YES;
				CLANG_WARN_OBJC_IMPLICIT_RETAIN_SELF = YES;
				CLANG_WARN_OBJC_LITERAL_CONVERSION = YES;
				CLANG_WARN_OBJC_ROOT_CLASS = YES_ERROR;
				CLANG_WARN_QUOTED_INCLUDE_IN_FRAMEWORK_HEADER = YES;
				CLANG_WARN_RANGE_LOOP_ANALYSIS = YES;
				CLANG_WARN_STRICT_PROTOTYPES = YES;
				CLANG_WARN_SUSPICIOUS_MOVE = YES;
				CLANG_WARN_UNGUARDED_AVAILABILITY = YES_AGGRESSIVE;
				CLANG_WARN_UNREACHABLE_CODE = YES;
				CLANG_WARN__DUPLICATE_METHOD_MATCH = YES;
				COPY_PHASE_STRIP = NO;
				DEBUG_INFORMATION_FORMAT = "dwarf-with-dsym";
				ENABLE_NS_ASSERTIONS = NO;
				ENABLE_STRICT_OBJC_MSGSEND = YES;
				GCC_C_LANGUAGE_STANDARD = gnu11;
				GCC_NO_COMMON_BLOCKS = YES;
				GCC_WARN_64_TO_32_BIT_CONVERSION = YES;
				GCC_WARN_ABOUT_RETURN_TYPE = YES_ERROR;
				GCC_WARN_UNDECLARED_SELECTOR = YES;
				GCC_WARN_UNINITIALIZED_AUTOS = YES_AGGRESSIVE;
				GCC_WARN_UNUSED_FUNCTION = YES;
				GCC_WARN_UNUSED_VARIABLE = YES;
				MACOSX_DEPLOYMENT_TARGET = 13.1;
				MTL_ENABLE_DEBUG_INFO = NO;
				MTL_FAST_MATH = YES;
				SDKROOT = macosx;
				SWIFT_COMPILATION_MODE = wholemodule;
				SWIFT_OPTIMIZATION_LEVEL = "-O";
			};
			name = Release;
		};
		CE654A952A2B097200D73B22 /* Debug */ = {
			isa = XCBuildConfiguration;
			buildSettings = {
				ASSETCATALOG_COMPILER_APPICON_NAME = AppIcon;
				ASSETCATALOG_COMPILER_GLOBAL_ACCENT_COLOR_NAME = AccentColor;
				CODE_SIGN_ENTITLEMENTS = ShortcutterPro/ShortcutterPro.entitlements;
				CODE_SIGN_STYLE = Automatic;
				COMBINE_HIDPI_IMAGES = YES;
				CURRENT_PROJECT_VERSION = 1;
				DEVELOPMENT_ASSET_PATHS = "\"ShortcutterPro/Preview Content\"";
				ENABLE_PREVIEWS = YES;
				GENERATE_INFOPLIST_FILE = YES;
				INFOPLIST_KEY_NSHumanReadableCopyright = "";
				LD_RUNPATH_SEARCH_PATHS = (
					"$(inherited)",
					"@executable_path/../Frameworks",
				);
				MARKETING_VERSION = 1.0;
				PRODUCT_BUNDLE_IDENTIFIER = com.koronnu.ShortcutterPro;
				PRODUCT_NAME = "$(TARGET_NAME)";
				SWIFT_EMIT_LOC_STRINGS = YES;
				SWIFT_VERSION = 5.0;
			};
			name = Debug;
		};
		CE654A962A2B097200D73B22 /* Release */ = {
			isa = XCBuildConfiguration;
			buildSettings = {
				ASSETCATALOG_COMPILER_APPICON_NAME = AppIcon;
				ASSETCATALOG_COMPILER_GLOBAL_ACCENT_COLOR_NAME = AccentColor;
				CODE_SIGN_ENTITLEMENTS = ShortcutterPro/ShortcutterPro.entitlements;
				CODE_SIGN_STYLE = Automatic;
				COMBINE_HIDPI_IMAGES = YES;
				CURRENT_PROJECT_VERSION = 1;
				DEVELOPMENT_ASSET_PATHS = "\"ShortcutterPro/Preview Content\"";
				ENABLE_PREVIEWS = YES;
				GENERATE_INFOPLIST_FILE = YES;
				INFOPLIST_KEY_NSHumanReadableCopyright = "";
				LD_RUNPATH_SEARCH_PATHS = (
					"$(inherited)",
					"@executable_path/../Frameworks",
				);
				MARKETING_VERSION = 1.0;
				PRODUCT_BUNDLE_IDENTIFIER = com.koronnu.ShortcutterPro;
				PRODUCT_NAME = "$(TARGET_NAME)";
				SWIFT_EMIT_LOC_STRINGS = YES;
				SWIFT_VERSION = 5.0;
			};
			name = Release;
		};
		CE654A982A2B097200D73B22 /* Debug */ = {
			isa = XCBuildConfiguration;
			buildSettings = {
				ALWAYS_EMBED_SWIFT_STANDARD_LIBRARIES = YES;
				BUNDLE_LOADER = "$(TEST_HOST)";
				CODE_SIGN_STYLE = Automatic;
				CURRENT_PROJECT_VERSION = 1;
				GENERATE_INFOPLIST_FILE = YES;
				MACOSX_DEPLOYMENT_TARGET = 13.1;
				MARKETING_VERSION = 1.0;
				PRODUCT_BUNDLE_IDENTIFIER = com.koronnu.ShortcutterProTests;
				PRODUCT_NAME = "$(TARGET_NAME)";
				SWIFT_EMIT_LOC_STRINGS = NO;
				SWIFT_VERSION = 5.0;
				TEST_HOST = "$(BUILT_PRODUCTS_DIR)/ShortcutterPro.app/$(BUNDLE_EXECUTABLE_FOLDER_PATH)/ShortcutterPro";
			};
			name = Debug;
		};
		CE654A992A2B097200D73B22 /* Release */ = {
			isa = XCBuildConfiguration;
			buildSettings = {
				ALWAYS_EMBED_SWIFT_STANDARD_LIBRARIES = YES;
				BUNDLE_LOADER = "$(TEST_HOST)";
				CODE_SIGN_STYLE = Automatic;
				CURRENT_PROJECT_VERSION = 1;
				GENERATE_INFOPLIST_FILE = YES;
				MACOSX_DEPLOYMENT_TARGET = 13.1;
				MARKETING_VERSION = 1.0;
				PRODUCT_BUNDLE_IDENTIFIER = com.koronnu.ShortcutterProTests;
				PRODUCT_NAME = "$(TARGET_NAME)";
				SWIFT_EMIT_LOC_STRINGS = NO;
				SWIFT_VERSION = 5.0;
				TEST_HOST = "$(BUILT_PRODUCTS_DIR)/ShortcutterPro.app/$(BUNDLE_EXECUTABLE_FOLDER_PATH)/ShortcutterPro";
			};
			name = Release;
		};
		CE654A9B2A2B097200D73B22 /* Debug */ = {
			isa = XCBuildConfiguration;
			buildSettings = {
				ALWAYS_EMBED_SWIFT_STANDARD_LIBRARIES = YES;
				CODE_SIGN_STYLE = Automatic;
				CURRENT_PROJECT_VERSION = 1;
				GENERATE_INFOPLIST_FILE = YES;
				MARKETING_VERSION = 1.0;
				PRODUCT_BUNDLE_IDENTIFIER = com.koronnu.ShortcutterProUITests;
				PRODUCT_NAME = "$(TARGET_NAME)";
				SWIFT_EMIT_LOC_STRINGS = NO;
				SWIFT_VERSION = 5.0;
				TEST_TARGET_NAME = ShortcutterPro;
			};
			name = Debug;
		};
		CE654A9C2A2B097200D73B22 /* Release */ = {
			isa = XCBuildConfiguration;
			buildSettings = {
				ALWAYS_EMBED_SWIFT_STANDARD_LIBRARIES = YES;
				CODE_SIGN_STYLE = Automatic;
				CURRENT_PROJECT_VERSION = 1;
				GENERATE_INFOPLIST_FILE = YES;
				MARKETING_VERSION = 1.0;
				PRODUCT_BUNDLE_IDENTIFIER = com.koronnu.ShortcutterProUITests;
				PRODUCT_NAME = "$(TARGET_NAME)";
				SWIFT_EMIT_LOC_STRINGS = NO;
				SWIFT_VERSION = 5.0;
				TEST_TARGET_NAME = ShortcutterPro;
			};
			name = Release;
		};
/* End XCBuildConfiguration section */

/* Begin XCConfigurationList section */
		CE654A6A2A2B097100D73B22 /* Build configuration list for PBXProject "ShortcutterPro" */ = {
			isa = XCConfigurationList;
			buildConfigurations = (
				CE654A922A2B097200D73B22 /* Debug */,
				CE654A932A2B097200D73B22 /* Release */,
			);
			defaultConfigurationIsVisible = 0;
			defaultConfigurationName = Release;
		};
		CE654A942A2B097200D73B22 /* Build configuration list for PBXNativeTarget "ShortcutterPro" */ = {
			isa = XCConfigurationList;
			buildConfigurations = (
				CE654A952A2B097200D73B22 /* Debug */,
				CE654A962A2B097200D73B22 /* Release */,
			);
			defaultConfigurationIsVisible = 0;
			defaultConfigurationName = Release;
		};
		CE654A972A2B097200D73B22 /* Build configuration list for PBXNativeTarget "ShortcutterProTests" */ = {
			isa = XCConfigurationList;
			buildConfigurations = (
				CE654A982A2B097200D73B22 /* Debug */,
				CE654A992A2B097200D73B22 /* Release */,
			);
			defaultConfigurationIsVisible = 0;
			defaultConfigurationName = Release;
		};
		CE654A9A2A2B097200D73B22 /* Build configuration list for PBXNativeTarget "ShortcutterProUITests" */ = {
			isa = XCConfigurationList;
			buildConfigurations = (
				CE654A9B2A2B097200D73B22 /* Debug */,
				CE654A9C2A2B097200D73B22 /* Release */,
			);
			defaultConfigurationIsVisible = 0;
			defaultConfigurationName = Release;
		};
/* End XCConfigurationList section */

/* Begin XCRemoteSwiftPackageReference section */
		CE9A50632A2C686F00DB3B71 /* XCRemoteSwiftPackageReference "Macaw" */ = {
			isa = XCRemoteSwiftPackageReference;
			repositoryURL = "https://github.com/exyte/Macaw.git";
			requirement = {
				kind = upToNextMajorVersion;
				minimumVersion = 0.9.9;
			};
		};
/* End XCRemoteSwiftPackageReference section */
	};
	rootObject = CE654A672A2B097100D73B22 /* Project object */;
}
